{
  "name": "allowlister-terminal-approval-plugin-workspace",
  "version": "0.0.0",
  "lockfileVersion": 3,
  "requires": true,
  "packages": {
    "": {
      "name": "allowlister-terminal-approval-plugin-workspace",
      "version": "0.0.0",
      "workspaces": [
        "packages/allowlister-terminal-approval-plugin"
      ]
    },
    "node_modules/@nickderobertis/allowlister-terminal-approval-plugin": {
      "resolved": "packages/allowlister-terminal-approval-plugin",
      "link": true
    },
    "packages/allowlister-terminal-approval-plugin": {
      "name": "@nickderobertis/allowlister-terminal-approval-plugin",
      "version": "0.1.0",
      "hasInstallScript": true,
      "license": "MIT",
      "os": [
        "linux",
        "darwin"
      ],
      "bin": {
        "allowlister-terminal-approval-plugin": "bin/allowlister-terminal-approval-plugin"
      },
      "engines": {
        "node": ">=20"
      }
    }
  }
}
